# THIS IS AN AUTOGENERATED FILE. DO NOT EDIT THIS FILE DIRECTLY.
# yarn lockfile v1


"@coinv/core@^1.0.0":
  version "1.0.0"
  resolved "https://registry.yarnpkg.com/@coinv/core/-/core-1.0.0.tgz#da3764945fbfaccd8ecd57cb6c67d4a0d1a435ce"
  integrity sha512-B7PH7BBx82EG4/nUcvcgfTGO9O1aJX6seC1NCTJ+MkiQPq4+g9EmCSp+3XJG7kzb/iRTqehqJY9+Mcpt9PmuAw==
